// !$*UTF8*$!
{
	archiveVersion = 1;
	classes = {
	};
	objectVersion = 56;
	objects = {

/* Begin PBXBuildFile section */
		0C30816729F5C33400C73271 /* AppDelegate.swift in Sources */ = {isa = PBXBuildFile; fileRef = 0C30816629F5C33400C73271 /* AppDelegate.swift */; };
		0C30816929F5C33400C73271 /* SceneDelegate.swift in Sources */ = {isa = PBXBuildFile; fileRef = 0C30816829F5C33400C73271 /* SceneDelegate.swift */; };
		0C30817029F5C33700C73271 /* Assets.xcassets in Resources */ = {isa = PBXBuildFile; fileRef = 0C30816F29F5C33700C73271 /* Assets.xcassets */; };
		CA13C32D29FAE8FD00EA85D8 /* StartScreenPresenter.swift in Sources */ = {isa = PBXBuildFile; fileRef = CA13C32729FAE8FD00EA85D8 /* StartScreenPresenter.swift */; };
		CA13C32E29FAE8FD00EA85D8 /* StartScreenRouter.swift in Sources */ = {isa = PBXBuildFile; fileRef = CA13C32829FAE8FD00EA85D8 /* StartScreenRouter.swift */; };
		CA13C32F29FAE8FD00EA85D8 /* StartScreenViewController.swift in Sources */ = {isa = PBXBuildFile; fileRef = CA13C32929FAE8FD00EA85D8 /* StartScreenViewController.swift */; };
		CA13C33029FAE8FD00EA85D8 /* StartScreenBuilder.swift in Sources */ = {isa = PBXBuildFile; fileRef = CA13C32A29FAE8FD00EA85D8 /* StartScreenBuilder.swift */; };
		CA13C33129FAE8FD00EA85D8 /* StartScreenView.swift in Sources */ = {isa = PBXBuildFile; fileRef = CA13C32B29FAE8FD00EA85D8 /* StartScreenView.swift */; };
		CA13C33229FAE8FD00EA85D8 /* StartScreenModel.swift in Sources */ = {isa = PBXBuildFile; fileRef = CA13C32C29FAE8FD00EA85D8 /* StartScreenModel.swift */; };
		CA13C33A29FC734D00EA85D8 /* RolePresenter.swift in Sources */ = {isa = PBXBuildFile; fileRef = CA13C33429FC734D00EA85D8 /* RolePresenter.swift */; };
		CA13C33B29FC734D00EA85D8 /* RoleRouter.swift in Sources */ = {isa = PBXBuildFile; fileRef = CA13C33529FC734D00EA85D8 /* RoleRouter.swift */; };
		CA13C33C29FC734D00EA85D8 /* RoleViewController.swift in Sources */ = {isa = PBXBuildFile; fileRef = CA13C33629FC734D00EA85D8 /* RoleViewController.swift */; };
		CA13C33D29FC734D00EA85D8 /* RoleBuilder.swift in Sources */ = {isa = PBXBuildFile; fileRef = CA13C33729FC734D00EA85D8 /* RoleBuilder.swift */; };
		CA13C33E29FC734D00EA85D8 /* RoleView.swift in Sources */ = {isa = PBXBuildFile; fileRef = CA13C33829FC734D00EA85D8 /* RoleView.swift */; };
		CA13C33F29FC734D00EA85D8 /* RoleModel.swift in Sources */ = {isa = PBXBuildFile; fileRef = CA13C33929FC734D00EA85D8 /* RoleModel.swift */; };
		CA13C34129FC74B000EA85D8 /* RoleButton.swift in Sources */ = {isa = PBXBuildFile; fileRef = CA13C34029FC74B000EA85D8 /* RoleButton.swift */; };
		CA13C34429FE97E200EA85D8 /* RoleButtonModel.swift in Sources */ = {isa = PBXBuildFile; fileRef = CA13C34329FE97E200EA85D8 /* RoleButtonModel.swift */; };
		CA13C34629FE98C200EA85D8 /* TextField.swift in Sources */ = {isa = PBXBuildFile; fileRef = CA13C34529FE98C200EA85D8 /* TextField.swift */; };
		CA2C5DE72A0BF64B0037D60E /* SignInRouter.swift in Sources */ = {isa = PBXBuildFile; fileRef = CA2C5DE22A0BF64A0037D60E /* SignInRouter.swift */; };
		CA2C5DE82A0BF64B0037D60E /* SignInView.swift in Sources */ = {isa = PBXBuildFile; fileRef = CA2C5DE32A0BF64A0037D60E /* SignInView.swift */; };
		CA2C5DE92A0BF64B0037D60E /* SignInPresenter.swift in Sources */ = {isa = PBXBuildFile; fileRef = CA2C5DE42A0BF64B0037D60E /* SignInPresenter.swift */; };
		CA2C5DEA2A0BF64B0037D60E /* SignInBuilder.swift in Sources */ = {isa = PBXBuildFile; fileRef = CA2C5DE52A0BF64B0037D60E /* SignInBuilder.swift */; };
		CA2C5DEB2A0BF64B0037D60E /* SignInViewController.swift in Sources */ = {isa = PBXBuildFile; fileRef = CA2C5DE62A0BF64B0037D60E /* SignInViewController.swift */; };
		CA2C5DED2A0BF81E0037D60E /* Constants.swift in Sources */ = {isa = PBXBuildFile; fileRef = CA2C5DEC2A0BF81E0037D60E /* Constants.swift */; };
		CA2C5DF42A0D6EDB0037D60E /* SignInCodePresenter.swift in Sources */ = {isa = PBXBuildFile; fileRef = CA2C5DEE2A0D6EDB0037D60E /* SignInCodePresenter.swift */; };
		CA2C5DF52A0D6EDB0037D60E /* SignInCodeRouter.swift in Sources */ = {isa = PBXBuildFile; fileRef = CA2C5DEF2A0D6EDB0037D60E /* SignInCodeRouter.swift */; };
		CA2C5DF62A0D6EDB0037D60E /* SignInCodeViewController.swift in Sources */ = {isa = PBXBuildFile; fileRef = CA2C5DF02A0D6EDB0037D60E /* SignInCodeViewController.swift */; };
		CA2C5DF72A0D6EDB0037D60E /* SignInCodeBuilder.swift in Sources */ = {isa = PBXBuildFile; fileRef = CA2C5DF12A0D6EDB0037D60E /* SignInCodeBuilder.swift */; };
		CA2C5DF82A0D6EDB0037D60E /* SignInCodeView.swift in Sources */ = {isa = PBXBuildFile; fileRef = CA2C5DF22A0D6EDB0037D60E /* SignInCodeView.swift */; };
		CA2C5DF92A0D6EDB0037D60E /* SignInCodeModel.swift in Sources */ = {isa = PBXBuildFile; fileRef = CA2C5DF32A0D6EDB0037D60E /* SignInCodeModel.swift */; };
		CA2C5DFD2A0D78DD0037D60E /* OPTTexrStackView.swift in Sources */ = {isa = PBXBuildFile; fileRef = CA2C5DFC2A0D78DD0037D60E /* OPTTexrStackView.swift */; };
		CA2C5DFF2A0D78E80037D60E /* OPTTextField.swift in Sources */ = {isa = PBXBuildFile; fileRef = CA2C5DFE2A0D78E80037D60E /* OPTTextField.swift */; };
		CA4DD9DA29F66F6200E19431 /* NavigationRouter.swift in Sources */ = {isa = PBXBuildFile; fileRef = CA4DD9D729F66F6200E19431 /* NavigationRouter.swift */; };
		CA4DD9DB29F66F6200E19431 /* AppRouter.swift in Sources */ = {isa = PBXBuildFile; fileRef = CA4DD9D829F66F6200E19431 /* AppRouter.swift */; };
		CA4DD9DC29F66F6200E19431 /* NavigationRouterProtocol.swift in Sources */ = {isa = PBXBuildFile; fileRef = CA4DD9D929F66F6200E19431 /* NavigationRouterProtocol.swift */; };
		CA4DD9E029F66FC000E19431 /* OnboardingRouter.swift in Sources */ = {isa = PBXBuildFile; fileRef = CA4DD9DF29F66FC000E19431 /* OnboardingRouter.swift */; };
		CA4DD9E329F6728200E19431 /* BaseViewController.swift in Sources */ = {isa = PBXBuildFile; fileRef = CA4DD9E229F6728200E19431 /* BaseViewController.swift */; };
		CA50192129F79312006039C4 /* SplashPresenter.swift in Sources */ = {isa = PBXBuildFile; fileRef = CA50191B29F79312006039C4 /* SplashPresenter.swift */; };
		CA50192229F79312006039C4 /* SplashRouter.swift in Sources */ = {isa = PBXBuildFile; fileRef = CA50191C29F79312006039C4 /* SplashRouter.swift */; };
		CA50192329F79312006039C4 /* SplashViewController.swift in Sources */ = {isa = PBXBuildFile; fileRef = CA50191D29F79312006039C4 /* SplashViewController.swift */; };
		CA50192429F79312006039C4 /* SplashBuilder.swift in Sources */ = {isa = PBXBuildFile; fileRef = CA50191E29F79312006039C4 /* SplashBuilder.swift */; };
		CA50192529F79312006039C4 /* SplashView.swift in Sources */ = {isa = PBXBuildFile; fileRef = CA50191F29F79312006039C4 /* SplashView.swift */; };
		CA50192B29F7935B006039C4 /* AppImages.swift in Sources */ = {isa = PBXBuildFile; fileRef = CA50192A29F7935B006039C4 /* AppImages.swift */; };
		CA50192E29F79E22006039C4 /* BubleLoader.swift in Sources */ = {isa = PBXBuildFile; fileRef = CA50192D29F79E22006039C4 /* BubleLoader.swift */; };
		CA50193029F7A128006039C4 /* AppColor.swift in Sources */ = {isa = PBXBuildFile; fileRef = CA50192F29F7A128006039C4 /* AppColor.swift */; };
		CA50193329F7A246006039C4 /* WelcomeViewController.swift in Sources */ = {isa = PBXBuildFile; fileRef = CA50193229F7A246006039C4 /* WelcomeViewController.swift */; };
		CA50193A29F82FA2006039C4 /* AppFonts.swift in Sources */ = {isa = PBXBuildFile; fileRef = CA50193929F82FA2006039C4 /* AppFonts.swift */; };
		CA50193E29F831B2006039C4 /* Inter-Bold.ttf in Resources */ = {isa = PBXBuildFile; fileRef = CA50193C29F831B0006039C4 /* Inter-Bold.ttf */; };
		CA50193F29F831B6006039C4 /* Inter-Regular.ttf in Resources */ = {isa = PBXBuildFile; fileRef = CA50193D29F831B0006039C4 /* Inter-Regular.ttf */; };
		CA50194029F831B8006039C4 /* Inter-SemiBold.ttf in Resources */ = {isa = PBXBuildFile; fileRef = CA50193B29F831B0006039C4 /* Inter-SemiBold.ttf */; };
		CA50194429F83527006039C4 /* WorkSans-Regular.ttf in Resources */ = {isa = PBXBuildFile; fileRef = CA50194329F83525006039C4 /* WorkSans-Regular.ttf */; };
		CA50194529F83529006039C4 /* WorkSans-Bold.ttf in Resources */ = {isa = PBXBuildFile; fileRef = CA50194229F83504006039C4 /* WorkSans-Bold.ttf */; };
		CA50194729F83788006039C4 /* AppStrings.swift in Sources */ = {isa = PBXBuildFile; fileRef = CA50194629F83788006039C4 /* AppStrings.swift */; };
		CA50194C29F84499006039C4 /* UILabel + Extensions.swift in Sources */ = {isa = PBXBuildFile; fileRef = CA50194B29F84499006039C4 /* UILabel + Extensions.swift */; };
		CA50194E29F85896006039C4 /* UICollectionVIew + Extension.swift in Sources */ = {isa = PBXBuildFile; fileRef = CA50194D29F85896006039C4 /* UICollectionVIew + Extension.swift */; };
		CA50195F29F91C09006039C4 /* WelcomeRouter.swift in Sources */ = {isa = PBXBuildFile; fileRef = CA50195E29F91C09006039C4 /* WelcomeRouter.swift */; };
		CA50196229F970C3006039C4 /* OnboardingCell.swift in Sources */ = {isa = PBXBuildFile; fileRef = CA50196129F970C3006039C4 /* OnboardingCell.swift */; };
		CA50196529F970E2006039C4 /* OnboardingNavigationView.swift in Sources */ = {isa = PBXBuildFile; fileRef = CA50196429F970E2006039C4 /* OnboardingNavigationView.swift */; };
		CA550DF329F9788200780317 /* PurpleButton.swift in Sources */ = {isa = PBXBuildFile; fileRef = CA550DF229F9788200780317 /* PurpleButton.swift */; };
		CA550DF629F9809100780317 /* CGFloat.swift in Sources */ = {isa = PBXBuildFile; fileRef = CA550DF529F9809100780317 /* CGFloat.swift */; };
		CA550DF829F980B200780317 /* UIView + Extension.swift in Sources */ = {isa = PBXBuildFile; fileRef = CA550DF729F980B200780317 /* UIView + Extension.swift */; };
		CA550DFA29F980D100780317 /* Helper.swift in Sources */ = {isa = PBXBuildFile; fileRef = CA550DF929F980D100780317 /* Helper.swift */; };
		CA550E0229F984E200780317 /* Device.swift in Sources */ = {isa = PBXBuildFile; fileRef = CA550E0129F984E200780317 /* Device.swift */; };
		CA550E0629F9856400780317 /* Dimension.swift in Sources */ = {isa = PBXBuildFile; fileRef = CA550E0529F9856400780317 /* Dimension.swift */; };
		CA550E0829F985AD00780317 /* Array + Extension.swift in Sources */ = {isa = PBXBuildFile; fileRef = CA550E0729F985AD00780317 /* Array + Extension.swift */; };
		CA550E0A29F985CD00780317 /* Int + Extension.swift in Sources */ = {isa = PBXBuildFile; fileRef = CA550E0929F985CD00780317 /* Int + Extension.swift */; };
		CA550E0C29F98A5500780317 /* OnboadringPageControll.swift in Sources */ = {isa = PBXBuildFile; fileRef = CA550E0B29F98A5500780317 /* OnboadringPageControll.swift */; };
		CA5E391E29F78E5A0014BD4D /* Launch Screen.storyboard in Resources */ = {isa = PBXBuildFile; fileRef = CA5E391D29F78E5A0014BD4D /* Launch Screen.storyboard */; };
		CAC4BF2A2A005F5C00331B80 /* TapableLabel.swift in Sources */ = {isa = PBXBuildFile; fileRef = CAC4BF292A005F5C00331B80 /* TapableLabel.swift */; };
		CAC4BF2C2A026F3D00331B80 /* UILabel + Extension.swift in Sources */ = {isa = PBXBuildFile; fileRef = CAC4BF2B2A026F3D00331B80 /* UILabel + Extension.swift */; };
		CAC4BF302A02712500331B80 /* TwoLabelStackVIew.swift in Sources */ = {isa = PBXBuildFile; fileRef = CAC4BF2F2A02712500331B80 /* TwoLabelStackVIew.swift */; };
		CAC4BF382A02B22D00331B80 /* SignUpPresenter.swift in Sources */ = {isa = PBXBuildFile; fileRef = CAC4BF322A02B22D00331B80 /* SignUpPresenter.swift */; };
		CAC4BF392A02B22D00331B80 /* SignUpRouter.swift in Sources */ = {isa = PBXBuildFile; fileRef = CAC4BF332A02B22D00331B80 /* SignUpRouter.swift */; };
		CAC4BF3A2A02B22D00331B80 /* SignUpViewController.swift in Sources */ = {isa = PBXBuildFile; fileRef = CAC4BF342A02B22D00331B80 /* SignUpViewController.swift */; };
		CAC4BF3B2A02B22D00331B80 /* SignUpBuilder.swift in Sources */ = {isa = PBXBuildFile; fileRef = CAC4BF352A02B22D00331B80 /* SignUpBuilder.swift */; };
		CAC4BF3C2A02B22D00331B80 /* SignUpView.swift in Sources */ = {isa = PBXBuildFile; fileRef = CAC4BF362A02B22D00331B80 /* SignUpView.swift */; };
		CAC4BF3D2A02B22D00331B80 /* SignUpModel.swift in Sources */ = {isa = PBXBuildFile; fileRef = CAC4BF372A02B22D00331B80 /* SignUpModel.swift */; };
		CAC4BF402A02C10600331B80 /* PrivacyStackView.swift in Sources */ = {isa = PBXBuildFile; fileRef = CAC4BF3F2A02C10600331B80 /* PrivacyStackView.swift */; };
		CAC4BF4C2A0556BA00331B80 /* SelectLocationPresenter.swift in Sources */ = {isa = PBXBuildFile; fileRef = CAC4BF462A0556BA00331B80 /* SelectLocationPresenter.swift */; };
		CAC4BF4D2A0556BA00331B80 /* SelectLocationRouter.swift in Sources */ = {isa = PBXBuildFile; fileRef = CAC4BF472A0556BA00331B80 /* SelectLocationRouter.swift */; };
		CAC4BF4E2A0556BA00331B80 /* SelectLocationViewController.swift in Sources */ = {isa = PBXBuildFile; fileRef = CAC4BF482A0556BA00331B80 /* SelectLocationViewController.swift */; };
		CAC4BF4F2A0556BA00331B80 /* SelectLocationBuilder.swift in Sources */ = {isa = PBXBuildFile; fileRef = CAC4BF492A0556BA00331B80 /* SelectLocationBuilder.swift */; };
		CAC4BF502A0556BA00331B80 /* SelectLocationView.swift in Sources */ = {isa = PBXBuildFile; fileRef = CAC4BF4A2A0556BA00331B80 /* SelectLocationView.swift */; };
		CAC4BF512A0556BA00331B80 /* SelectLocationModel.swift in Sources */ = {isa = PBXBuildFile; fileRef = CAC4BF4B2A0556BA00331B80 /* SelectLocationModel.swift */; };
		CAC4BF532A0563F900331B80 /* UITextFiled + Extension.swift in Sources */ = {isa = PBXBuildFile; fileRef = CAC4BF522A0563F900331B80 /* UITextFiled + Extension.swift */; };
		CAC4BF552A0567E900331B80 /* Stepper.swift in Sources */ = {isa = PBXBuildFile; fileRef = CAC4BF542A0567E900331B80 /* Stepper.swift */; };
		CAE6055729F6C9B000FE65E6 /* SnapKit in Frameworks */ = {isa = PBXBuildFile; productRef = CAE6055629F6C9B000FE65E6 /* SnapKit */; };
		CAE6055D29F6CA4700FE65E6 /* OnboardingPresenter.swift in Sources */ = {isa = PBXBuildFile; fileRef = CAE6055829F6CA4700FE65E6 /* OnboardingPresenter.swift */; };
		CAE6055E29F6CA4700FE65E6 /* OnboardingViewController.swift in Sources */ = {isa = PBXBuildFile; fileRef = CAE6055929F6CA4700FE65E6 /* OnboardingViewController.swift */; };
		CAE6055F29F6CA4700FE65E6 /* OnboardingBuilder.swift in Sources */ = {isa = PBXBuildFile; fileRef = CAE6055A29F6CA4700FE65E6 /* OnboardingBuilder.swift */; };
		CAE6056029F6CA4700FE65E6 /* OnboardingView.swift in Sources */ = {isa = PBXBuildFile; fileRef = CAE6055B29F6CA4700FE65E6 /* OnboardingView.swift */; };
		CAE6056129F6CA4700FE65E6 /* OnboardingModel.swift in Sources */ = {isa = PBXBuildFile; fileRef = CAE6055C29F6CA4700FE65E6 /* OnboardingModel.swift */; };
		CAE6056429F6F42E00FE65E6 /* Hero in Frameworks */ = {isa = PBXBuildFile; productRef = CAE6056329F6F42E00FE65E6 /* Hero */; };
/* End PBXBuildFile section */

/* Begin PBXContainerItemProxy section */
		0C30817A29F5C33700C73271 /* PBXContainerItemProxy */ = {
			isa = PBXContainerItemProxy;
			containerPortal = 0C30815B29F5C33400C73271 /* Project object */;
			proxyType = 1;
			remoteGlobalIDString = 0C30816229F5C33400C73271;
			remoteInfo = "Mum’s the word";
		};
		0C30818429F5C33700C73271 /* PBXContainerItemProxy */ = {
			isa = PBXContainerItemProxy;
			containerPortal = 0C30815B29F5C33400C73271 /* Project object */;
			proxyType = 1;
			remoteGlobalIDString = 0C30816229F5C33400C73271;
			remoteInfo = "Mum’s the word";
		};
/* End PBXContainerItemProxy section */

/* Begin PBXFileReference section */
		0C30816329F5C33400C73271 /* Mum’s the word.app */ = {isa = PBXFileReference; explicitFileType = wrapper.application; includeInIndex = 0; path = "Mum’s the word.app"; sourceTree = BUILT_PRODUCTS_DIR; };
		0C30816629F5C33400C73271 /* AppDelegate.swift */ = {isa = PBXFileReference; lastKnownFileType = sourcecode.swift; path = AppDelegate.swift; sourceTree = "<group>"; };
		0C30816829F5C33400C73271 /* SceneDelegate.swift */ = {isa = PBXFileReference; lastKnownFileType = sourcecode.swift; path = SceneDelegate.swift; sourceTree = "<group>"; };
		0C30816F29F5C33700C73271 /* Assets.xcassets */ = {isa = PBXFileReference; lastKnownFileType = folder.assetcatalog; path = Assets.xcassets; sourceTree = "<group>"; };
		0C30817429F5C33700C73271 /* Info.plist */ = {isa = PBXFileReference; lastKnownFileType = text.plist.xml; path = Info.plist; sourceTree = "<group>"; };
		0C30817929F5C33700C73271 /* Mum’s the wordTests.xctest */ = {isa = PBXFileReference; explicitFileType = wrapper.cfbundle; includeInIndex = 0; path = "Mum’s the wordTests.xctest"; sourceTree = BUILT_PRODUCTS_DIR; };
		0C30818329F5C33700C73271 /* Mum’s the wordUITests.xctest */ = {isa = PBXFileReference; explicitFileType = wrapper.cfbundle; includeInIndex = 0; path = "Mum’s the wordUITests.xctest"; sourceTree = BUILT_PRODUCTS_DIR; };
		CA13C32729FAE8FD00EA85D8 /* StartScreenPresenter.swift */ = {isa = PBXFileReference; lastKnownFileType = sourcecode.swift; path = StartScreenPresenter.swift; sourceTree = "<group>"; };
		CA13C32829FAE8FD00EA85D8 /* StartScreenRouter.swift */ = {isa = PBXFileReference; lastKnownFileType = sourcecode.swift; path = StartScreenRouter.swift; sourceTree = "<group>"; };
		CA13C32929FAE8FD00EA85D8 /* StartScreenViewController.swift */ = {isa = PBXFileReference; lastKnownFileType = sourcecode.swift; path = StartScreenViewController.swift; sourceTree = "<group>"; };
		CA13C32A29FAE8FD00EA85D8 /* StartScreenBuilder.swift */ = {isa = PBXFileReference; lastKnownFileType = sourcecode.swift; path = StartScreenBuilder.swift; sourceTree = "<group>"; };
		CA13C32B29FAE8FD00EA85D8 /* StartScreenView.swift */ = {isa = PBXFileReference; lastKnownFileType = sourcecode.swift; path = StartScreenView.swift; sourceTree = "<group>"; };
		CA13C32C29FAE8FD00EA85D8 /* StartScreenModel.swift */ = {isa = PBXFileReference; lastKnownFileType = sourcecode.swift; path = StartScreenModel.swift; sourceTree = "<group>"; };
		CA13C33429FC734D00EA85D8 /* RolePresenter.swift */ = {isa = PBXFileReference; lastKnownFileType = sourcecode.swift; path = RolePresenter.swift; sourceTree = "<group>"; };
		CA13C33529FC734D00EA85D8 /* RoleRouter.swift */ = {isa = PBXFileReference; lastKnownFileType = sourcecode.swift; path = RoleRouter.swift; sourceTree = "<group>"; };
		CA13C33629FC734D00EA85D8 /* RoleViewController.swift */ = {isa = PBXFileReference; lastKnownFileType = sourcecode.swift; path = RoleViewController.swift; sourceTree = "<group>"; };
		CA13C33729FC734D00EA85D8 /* RoleBuilder.swift */ = {isa = PBXFileReference; lastKnownFileType = sourcecode.swift; path = RoleBuilder.swift; sourceTree = "<group>"; };
		CA13C33829FC734D00EA85D8 /* RoleView.swift */ = {isa = PBXFileReference; lastKnownFileType = sourcecode.swift; path = RoleView.swift; sourceTree = "<group>"; };
		CA13C33929FC734D00EA85D8 /* RoleModel.swift */ = {isa = PBXFileReference; lastKnownFileType = sourcecode.swift; path = RoleModel.swift; sourceTree = "<group>"; };
		CA13C34029FC74B000EA85D8 /* RoleButton.swift */ = {isa = PBXFileReference; lastKnownFileType = sourcecode.swift; path = RoleButton.swift; sourceTree = "<group>"; };
		CA13C34329FE97E200EA85D8 /* RoleButtonModel.swift */ = {isa = PBXFileReference; lastKnownFileType = sourcecode.swift; path = RoleButtonModel.swift; sourceTree = "<group>"; };
		CA13C34529FE98C200EA85D8 /* TextField.swift */ = {isa = PBXFileReference; lastKnownFileType = sourcecode.swift; path = TextField.swift; sourceTree = "<group>"; };
		CA2C5DE22A0BF64A0037D60E /* SignInRouter.swift */ = {isa = PBXFileReference; fileEncoding = 4; lastKnownFileType = sourcecode.swift; path = SignInRouter.swift; sourceTree = "<group>"; };
		CA2C5DE32A0BF64A0037D60E /* SignInView.swift */ = {isa = PBXFileReference; fileEncoding = 4; lastKnownFileType = sourcecode.swift; path = SignInView.swift; sourceTree = "<group>"; };
		CA2C5DE42A0BF64B0037D60E /* SignInPresenter.swift */ = {isa = PBXFileReference; fileEncoding = 4; lastKnownFileType = sourcecode.swift; path = SignInPresenter.swift; sourceTree = "<group>"; };
		CA2C5DE52A0BF64B0037D60E /* SignInBuilder.swift */ = {isa = PBXFileReference; fileEncoding = 4; lastKnownFileType = sourcecode.swift; path = SignInBuilder.swift; sourceTree = "<group>"; };
		CA2C5DE62A0BF64B0037D60E /* SignInViewController.swift */ = {isa = PBXFileReference; fileEncoding = 4; lastKnownFileType = sourcecode.swift; path = SignInViewController.swift; sourceTree = "<group>"; };
		CA2C5DEC2A0BF81E0037D60E /* Constants.swift */ = {isa = PBXFileReference; lastKnownFileType = sourcecode.swift; path = Constants.swift; sourceTree = "<group>"; };
		CA2C5DEE2A0D6EDB0037D60E /* SignInCodePresenter.swift */ = {isa = PBXFileReference; lastKnownFileType = sourcecode.swift; path = SignInCodePresenter.swift; sourceTree = "<group>"; };
		CA2C5DEF2A0D6EDB0037D60E /* SignInCodeRouter.swift */ = {isa = PBXFileReference; lastKnownFileType = sourcecode.swift; path = SignInCodeRouter.swift; sourceTree = "<group>"; };
		CA2C5DF02A0D6EDB0037D60E /* SignInCodeViewController.swift */ = {isa = PBXFileReference; lastKnownFileType = sourcecode.swift; path = SignInCodeViewController.swift; sourceTree = "<group>"; };
		CA2C5DF12A0D6EDB0037D60E /* SignInCodeBuilder.swift */ = {isa = PBXFileReference; lastKnownFileType = sourcecode.swift; path = SignInCodeBuilder.swift; sourceTree = "<group>"; };
		CA2C5DF22A0D6EDB0037D60E /* SignInCodeView.swift */ = {isa = PBXFileReference; lastKnownFileType = sourcecode.swift; path = SignInCodeView.swift; sourceTree = "<group>"; };
		CA2C5DF32A0D6EDB0037D60E /* SignInCodeModel.swift */ = {isa = PBXFileReference; lastKnownFileType = sourcecode.swift; path = SignInCodeModel.swift; sourceTree = "<group>"; };
		CA2C5DFC2A0D78DD0037D60E /* OPTTexrStackView.swift */ = {isa = PBXFileReference; lastKnownFileType = sourcecode.swift; path = OPTTexrStackView.swift; sourceTree = "<group>"; };
		CA2C5DFE2A0D78E80037D60E /* OPTTextField.swift */ = {isa = PBXFileReference; lastKnownFileType = sourcecode.swift; path = OPTTextField.swift; sourceTree = "<group>"; };
		CA4DD9D729F66F6200E19431 /* NavigationRouter.swift */ = {isa = PBXFileReference; fileEncoding = 4; lastKnownFileType = sourcecode.swift; path = NavigationRouter.swift; sourceTree = "<group>"; };
		CA4DD9D829F66F6200E19431 /* AppRouter.swift */ = {isa = PBXFileReference; fileEncoding = 4; lastKnownFileType = sourcecode.swift; path = AppRouter.swift; sourceTree = "<group>"; };
		CA4DD9D929F66F6200E19431 /* NavigationRouterProtocol.swift */ = {isa = PBXFileReference; fileEncoding = 4; lastKnownFileType = sourcecode.swift; path = NavigationRouterProtocol.swift; sourceTree = "<group>"; };
		CA4DD9DF29F66FC000E19431 /* OnboardingRouter.swift */ = {isa = PBXFileReference; lastKnownFileType = sourcecode.swift; path = OnboardingRouter.swift; sourceTree = "<group>"; };
		CA4DD9E229F6728200E19431 /* BaseViewController.swift */ = {isa = PBXFileReference; lastKnownFileType = sourcecode.swift; path = BaseViewController.swift; sourceTree = "<group>"; };
		CA50191B29F79312006039C4 /* SplashPresenter.swift */ = {isa = PBXFileReference; lastKnownFileType = sourcecode.swift; path = SplashPresenter.swift; sourceTree = "<group>"; };
		CA50191C29F79312006039C4 /* SplashRouter.swift */ = {isa = PBXFileReference; lastKnownFileType = sourcecode.swift; path = SplashRouter.swift; sourceTree = "<group>"; };
		CA50191D29F79312006039C4 /* SplashViewController.swift */ = {isa = PBXFileReference; lastKnownFileType = sourcecode.swift; path = SplashViewController.swift; sourceTree = "<group>"; };
		CA50191E29F79312006039C4 /* SplashBuilder.swift */ = {isa = PBXFileReference; lastKnownFileType = sourcecode.swift; path = SplashBuilder.swift; sourceTree = "<group>"; };
		CA50191F29F79312006039C4 /* SplashView.swift */ = {isa = PBXFileReference; lastKnownFileType = sourcecode.swift; path = SplashView.swift; sourceTree = "<group>"; };
		CA50192A29F7935B006039C4 /* AppImages.swift */ = {isa = PBXFileReference; lastKnownFileType = sourcecode.swift; path = AppImages.swift; sourceTree = "<group>"; };
		CA50192D29F79E22006039C4 /* BubleLoader.swift */ = {isa = PBXFileReference; lastKnownFileType = sourcecode.swift; path = BubleLoader.swift; sourceTree = "<group>"; };
		CA50192F29F7A128006039C4 /* AppColor.swift */ = {isa = PBXFileReference; lastKnownFileType = sourcecode.swift; path = AppColor.swift; sourceTree = "<group>"; };
		CA50193229F7A246006039C4 /* WelcomeViewController.swift */ = {isa = PBXFileReference; lastKnownFileType = sourcecode.swift; path = WelcomeViewController.swift; sourceTree = "<group>"; };
		CA50193929F82FA2006039C4 /* AppFonts.swift */ = {isa = PBXFileReference; lastKnownFileType = sourcecode.swift; path = AppFonts.swift; sourceTree = "<group>"; };
		CA50193B29F831B0006039C4 /* Inter-SemiBold.ttf */ = {isa = PBXFileReference; lastKnownFileType = file; path = "Inter-SemiBold.ttf"; sourceTree = "<group>"; };
		CA50193C29F831B0006039C4 /* Inter-Bold.ttf */ = {isa = PBXFileReference; lastKnownFileType = file; path = "Inter-Bold.ttf"; sourceTree = "<group>"; };
		CA50193D29F831B0006039C4 /* Inter-Regular.ttf */ = {isa = PBXFileReference; lastKnownFileType = file; path = "Inter-Regular.ttf"; sourceTree = "<group>"; };
		CA50194229F83504006039C4 /* WorkSans-Bold.ttf */ = {isa = PBXFileReference; lastKnownFileType = file; path = "WorkSans-Bold.ttf"; sourceTree = "<group>"; };
		CA50194329F83525006039C4 /* WorkSans-Regular.ttf */ = {isa = PBXFileReference; lastKnownFileType = file; path = "WorkSans-Regular.ttf"; sourceTree = "<group>"; };
		CA50194629F83788006039C4 /* AppStrings.swift */ = {isa = PBXFileReference; lastKnownFileType = sourcecode.swift; path = AppStrings.swift; sourceTree = "<group>"; };
		CA50194B29F84499006039C4 /* UILabel + Extensions.swift */ = {isa = PBXFileReference; lastKnownFileType = sourcecode.swift; path = "UILabel + Extensions.swift"; sourceTree = "<group>"; };
		CA50194D29F85896006039C4 /* UICollectionVIew + Extension.swift */ = {isa = PBXFileReference; lastKnownFileType = sourcecode.swift; path = "UICollectionVIew + Extension.swift"; sourceTree = "<group>"; };
		CA50195E29F91C09006039C4 /* WelcomeRouter.swift */ = {isa = PBXFileReference; lastKnownFileType = sourcecode.swift; path = WelcomeRouter.swift; sourceTree = "<group>"; };
		CA50196129F970C3006039C4 /* OnboardingCell.swift */ = {isa = PBXFileReference; lastKnownFileType = sourcecode.swift; path = OnboardingCell.swift; sourceTree = "<group>"; };
		CA50196429F970E2006039C4 /* OnboardingNavigationView.swift */ = {isa = PBXFileReference; lastKnownFileType = sourcecode.swift; path = OnboardingNavigationView.swift; sourceTree = "<group>"; };
		CA550DF229F9788200780317 /* PurpleButton.swift */ = {isa = PBXFileReference; lastKnownFileType = sourcecode.swift; path = PurpleButton.swift; sourceTree = "<group>"; };
		CA550DF529F9809100780317 /* CGFloat.swift */ = {isa = PBXFileReference; lastKnownFileType = sourcecode.swift; path = CGFloat.swift; sourceTree = "<group>"; };
		CA550DF729F980B200780317 /* UIView + Extension.swift */ = {isa = PBXFileReference; lastKnownFileType = sourcecode.swift; path = "UIView + Extension.swift"; sourceTree = "<group>"; };
		CA550DF929F980D100780317 /* Helper.swift */ = {isa = PBXFileReference; lastKnownFileType = sourcecode.swift; path = Helper.swift; sourceTree = "<group>"; };
		CA550E0129F984E200780317 /* Device.swift */ = {isa = PBXFileReference; fileEncoding = 4; lastKnownFileType = sourcecode.swift; path = Device.swift; sourceTree = "<group>"; };
		CA550E0529F9856400780317 /* Dimension.swift */ = {isa = PBXFileReference; fileEncoding = 4; lastKnownFileType = sourcecode.swift; path = Dimension.swift; sourceTree = "<group>"; };
		CA550E0729F985AD00780317 /* Array + Extension.swift */ = {isa = PBXFileReference; lastKnownFileType = sourcecode.swift; path = "Array + Extension.swift"; sourceTree = "<group>"; };
		CA550E0929F985CD00780317 /* Int + Extension.swift */ = {isa = PBXFileReference; lastKnownFileType = sourcecode.swift; path = "Int + Extension.swift"; sourceTree = "<group>"; };
		CA550E0B29F98A5500780317 /* OnboadringPageControll.swift */ = {isa = PBXFileReference; lastKnownFileType = sourcecode.swift; path = OnboadringPageControll.swift; sourceTree = "<group>"; };
		CA5E391D29F78E5A0014BD4D /* Launch Screen.storyboard */ = {isa = PBXFileReference; lastKnownFileType = file.storyboard; path = "Launch Screen.storyboard"; sourceTree = "<group>"; };
		CAC4BF292A005F5C00331B80 /* TapableLabel.swift */ = {isa = PBXFileReference; lastKnownFileType = sourcecode.swift; path = TapableLabel.swift; sourceTree = "<group>"; };
		CAC4BF2B2A026F3D00331B80 /* UILabel + Extension.swift */ = {isa = PBXFileReference; lastKnownFileType = sourcecode.swift; path = "UILabel + Extension.swift"; sourceTree = "<group>"; };
		CAC4BF2F2A02712500331B80 /* TwoLabelStackVIew.swift */ = {isa = PBXFileReference; lastKnownFileType = sourcecode.swift; path = TwoLabelStackVIew.swift; sourceTree = "<group>"; };
		CAC4BF322A02B22D00331B80 /* SignUpPresenter.swift */ = {isa = PBXFileReference; lastKnownFileType = sourcecode.swift; path = SignUpPresenter.swift; sourceTree = "<group>"; };
		CAC4BF332A02B22D00331B80 /* SignUpRouter.swift */ = {isa = PBXFileReference; lastKnownFileType = sourcecode.swift; path = SignUpRouter.swift; sourceTree = "<group>"; };
		CAC4BF342A02B22D00331B80 /* SignUpViewController.swift */ = {isa = PBXFileReference; lastKnownFileType = sourcecode.swift; path = SignUpViewController.swift; sourceTree = "<group>"; };
		CAC4BF352A02B22D00331B80 /* SignUpBuilder.swift */ = {isa = PBXFileReference; lastKnownFileType = sourcecode.swift; path = SignUpBuilder.swift; sourceTree = "<group>"; };
		CAC4BF362A02B22D00331B80 /* SignUpView.swift */ = {isa = PBXFileReference; lastKnownFileType = sourcecode.swift; path = SignUpView.swift; sourceTree = "<group>"; };
		CAC4BF372A02B22D00331B80 /* SignUpModel.swift */ = {isa = PBXFileReference; lastKnownFileType = sourcecode.swift; path = SignUpModel.swift; sourceTree = "<group>"; };
		CAC4BF3F2A02C10600331B80 /* PrivacyStackView.swift */ = {isa = PBXFileReference; lastKnownFileType = sourcecode.swift; path = PrivacyStackView.swift; sourceTree = "<group>"; };
		CAC4BF462A0556BA00331B80 /* SelectLocationPresenter.swift */ = {isa = PBXFileReference; lastKnownFileType = sourcecode.swift; path = SelectLocationPresenter.swift; sourceTree = "<group>"; };
		CAC4BF472A0556BA00331B80 /* SelectLocationRouter.swift */ = {isa = PBXFileReference; lastKnownFileType = sourcecode.swift; path = SelectLocationRouter.swift; sourceTree = "<group>"; };
		CAC4BF482A0556BA00331B80 /* SelectLocationViewController.swift */ = {isa = PBXFileReference; lastKnownFileType = sourcecode.swift; path = SelectLocationViewController.swift; sourceTree = "<group>"; };
		CAC4BF492A0556BA00331B80 /* SelectLocationBuilder.swift */ = {isa = PBXFileReference; lastKnownFileType = sourcecode.swift; path = SelectLocationBuilder.swift; sourceTree = "<group>"; };
		CAC4BF4A2A0556BA00331B80 /* SelectLocationView.swift */ = {isa = PBXFileReference; lastKnownFileType = sourcecode.swift; path = SelectLocationView.swift; sourceTree = "<group>"; };
		CAC4BF4B2A0556BA00331B80 /* SelectLocationModel.swift */ = {isa = PBXFileReference; lastKnownFileType = sourcecode.swift; path = SelectLocationModel.swift; sourceTree = "<group>"; };
		CAC4BF522A0563F900331B80 /* UITextFiled + Extension.swift */ = {isa = PBXFileReference; lastKnownFileType = sourcecode.swift; path = "UITextFiled + Extension.swift"; sourceTree = "<group>"; };
		CAC4BF542A0567E900331B80 /* Stepper.swift */ = {isa = PBXFileReference; lastKnownFileType = sourcecode.swift; path = Stepper.swift; sourceTree = "<group>"; };
		CAE6055829F6CA4700FE65E6 /* OnboardingPresenter.swift */ = {isa = PBXFileReference; lastKnownFileType = sourcecode.swift; path = OnboardingPresenter.swift; sourceTree = "<group>"; };
		CAE6055929F6CA4700FE65E6 /* OnboardingViewController.swift */ = {isa = PBXFileReference; lastKnownFileType = sourcecode.swift; path = OnboardingViewController.swift; sourceTree = "<group>"; };
		CAE6055A29F6CA4700FE65E6 /* OnboardingBuilder.swift */ = {isa = PBXFileReference; lastKnownFileType = sourcecode.swift; path = OnboardingBuilder.swift; sourceTree = "<group>"; };
		CAE6055B29F6CA4700FE65E6 /* OnboardingView.swift */ = {isa = PBXFileReference; lastKnownFileType = sourcecode.swift; path = OnboardingView.swift; sourceTree = "<group>"; };
		CAE6055C29F6CA4700FE65E6 /* OnboardingModel.swift */ = {isa = PBXFileReference; lastKnownFileType = sourcecode.swift; path = OnboardingModel.swift; sourceTree = "<group>"; };
/* End PBXFileReference section */

/* Begin PBXFrameworksBuildPhase section */
		0C30816029F5C33400C73271 /* Frameworks */ = {
			isa = PBXFrameworksBuildPhase;
			buildActionMask = 2147483647;
			files = (
				CAE6056429F6F42E00FE65E6 /* Hero in Frameworks */,
				CAE6055729F6C9B000FE65E6 /* SnapKit in Frameworks */,
			);
			runOnlyForDeploymentPostprocessing = 0;
		};
		0C30817629F5C33700C73271 /* Frameworks */ = {
			isa = PBXFrameworksBuildPhase;
			buildActionMask = 2147483647;
			files = (
			);
			runOnlyForDeploymentPostprocessing = 0;
		};
		0C30818029F5C33700C73271 /* Frameworks */ = {
			isa = PBXFrameworksBuildPhase;
			buildActionMask = 2147483647;
			files = (
			);
			runOnlyForDeploymentPostprocessing = 0;
		};
/* End PBXFrameworksBuildPhase section */

/* Begin PBXGroup section */
		0C30815A29F5C33400C73271 = {
			isa = PBXGroup;
			children = (
				0C30816529F5C33400C73271 /* Mum’s the word */,
				0C30816429F5C33400C73271 /* Products */,
			);
			sourceTree = "<group>";
		};
		0C30816429F5C33400C73271 /* Products */ = {
			isa = PBXGroup;
			children = (
				0C30816329F5C33400C73271 /* Mum’s the word.app */,
				0C30817929F5C33700C73271 /* Mum’s the wordTests.xctest */,
				0C30818329F5C33700C73271 /* Mum’s the wordUITests.xctest */,
			);
			name = Products;
			sourceTree = "<group>";
		};
		0C30816529F5C33400C73271 /* Mum’s the word */ = {
			isa = PBXGroup;
			children = (
				CA4DD9D529F66F3100E19431 /* Common */,
				CA4DD9D429F66F2D00E19431 /* Base */,
				CA4DD9D329F66F2300E19431 /* Sourses */,
				0C30816629F5C33400C73271 /* AppDelegate.swift */,
				0C30816829F5C33400C73271 /* SceneDelegate.swift */,
				0C30816F29F5C33700C73271 /* Assets.xcassets */,
				0C30817429F5C33700C73271 /* Info.plist */,
				CA5E391D29F78E5A0014BD4D /* Launch Screen.storyboard */,
			);
			path = "Mum’s the word";
			sourceTree = "<group>";
		};
		CA13C32629FAE8CA00EA85D8 /* Start */ = {
			isa = PBXGroup;
			children = (
				CA13C32729FAE8FD00EA85D8 /* StartScreenPresenter.swift */,
				CA13C32829FAE8FD00EA85D8 /* StartScreenRouter.swift */,
				CA13C32929FAE8FD00EA85D8 /* StartScreenViewController.swift */,
				CA13C32A29FAE8FD00EA85D8 /* StartScreenBuilder.swift */,
				CA13C32B29FAE8FD00EA85D8 /* StartScreenView.swift */,
				CA13C32C29FAE8FD00EA85D8 /* StartScreenModel.swift */,
			);
			path = Start;
			sourceTree = "<group>";
		};
		CA13C33329FC729600EA85D8 /* Role */ = {
			isa = PBXGroup;
			children = (
				CA13C33429FC734D00EA85D8 /* RolePresenter.swift */,
				CA13C33529FC734D00EA85D8 /* RoleRouter.swift */,
				CA13C33629FC734D00EA85D8 /* RoleViewController.swift */,
				CA13C33729FC734D00EA85D8 /* RoleBuilder.swift */,
				CA13C33829FC734D00EA85D8 /* RoleView.swift */,
				CA13C33929FC734D00EA85D8 /* RoleModel.swift */,
			);
			path = Role;
			sourceTree = "<group>";
		};
		CA13C34229FE97D100EA85D8 /* RoleButton */ = {
			isa = PBXGroup;
			children = (
				CA13C34029FC74B000EA85D8 /* RoleButton.swift */,
				CA13C34329FE97E200EA85D8 /* RoleButtonModel.swift */,
			);
			path = RoleButton;
			sourceTree = "<group>";
		};
		CA2C5DE12A0BF6360037D60E /* SignIn */ = {
			isa = PBXGroup;
			children = (
				CA2C5DE52A0BF64B0037D60E /* SignInBuilder.swift */,
				CA2C5DE42A0BF64B0037D60E /* SignInPresenter.swift */,
				CA2C5DE22A0BF64A0037D60E /* SignInRouter.swift */,
				CA2C5DE32A0BF64A0037D60E /* SignInView.swift */,
				CA2C5DE62A0BF64B0037D60E /* SignInViewController.swift */,
			);
			path = SignIn;
			sourceTree = "<group>";
		};
		CA2C5DFA2A0D6EE20037D60E /* SignInCode */ = {
			isa = PBXGroup;
			children = (
				CA2C5DEE2A0D6EDB0037D60E /* SignInCodePresenter.swift */,
				CA2C5DEF2A0D6EDB0037D60E /* SignInCodeRouter.swift */,
				CA2C5DF02A0D6EDB0037D60E /* SignInCodeViewController.swift */,
				CA2C5DF12A0D6EDB0037D60E /* SignInCodeBuilder.swift */,
				CA2C5DF22A0D6EDB0037D60E /* SignInCodeView.swift */,
				CA2C5DF32A0D6EDB0037D60E /* SignInCodeModel.swift */,
			);
			path = SignInCode;
			sourceTree = "<group>";
		};
		CA2C5DFB2A0D78B70037D60E /* OTPTextField */ = {
			isa = PBXGroup;
			children = (
				CA2C5DFC2A0D78DD0037D60E /* OPTTexrStackView.swift */,
				CA2C5DFE2A0D78E80037D60E /* OPTTextField.swift */,
			);
			path = OTPTextField;
			sourceTree = "<group>";
		};
		CA4DD9D329F66F2300E19431 /* Sourses */ = {
			isa = PBXGroup;
			children = (
				CA4DD9DD29F66FAA00E19431 /* Screens */,
			);
			path = Sourses;
			sourceTree = "<group>";
		};
		CA4DD9D429F66F2D00E19431 /* Base */ = {
			isa = PBXGroup;
			children = (
				CA50192929F7934B006039C4 /* Constants */,
			);
			path = Base;
			sourceTree = "<group>";
		};
		CA4DD9D529F66F3100E19431 /* Common */ = {
			isa = PBXGroup;
			children = (
				CA550DF429F9807C00780317 /* Adaptive */,
				CA550DF129F9787500780317 /* UIElements */,
				CA50194829F84465006039C4 /* Extensions */,
				CA4DD9E129F6727100E19431 /* ViewController */,
				CA4DD9D629F66F4500E19431 /* Navigation */,
			);
			path = Common;
			sourceTree = "<group>";
		};
		CA4DD9D629F66F4500E19431 /* Navigation */ = {
			isa = PBXGroup;
			children = (
				CA4DD9D829F66F6200E19431 /* AppRouter.swift */,
				CA4DD9D729F66F6200E19431 /* NavigationRouter.swift */,
				CA4DD9D929F66F6200E19431 /* NavigationRouterProtocol.swift */,
			);
			path = Navigation;
			sourceTree = "<group>";
		};
		CA4DD9DD29F66FAA00E19431 /* Screens */ = {
			isa = PBXGroup;
			children = (
				CA2C5DFA2A0D6EE20037D60E /* SignInCode */,
				CA2C5DE12A0BF6360037D60E /* SignIn */,
				CAC4BF452A05569C00331B80 /* SelectLocation */,
				CAC4BF312A02B1F700331B80 /* SignUp */,
				CA13C33329FC729600EA85D8 /* Role */,
				CA13C32629FAE8CA00EA85D8 /* Start */,
				CA50193129F7A231006039C4 /* Welcome */,
				CA50191A29F792C5006039C4 /* Splash */,
				CA4DD9DE29F66FB200E19431 /* Onboarding */,
			);
			path = Screens;
			sourceTree = "<group>";
		};
		CA4DD9DE29F66FB200E19431 /* Onboarding */ = {
			isa = PBXGroup;
			children = (
				CA50194F29F8593A006039C4 /* Components */,
				CA4DD9DF29F66FC000E19431 /* OnboardingRouter.swift */,
				CAE6055829F6CA4700FE65E6 /* OnboardingPresenter.swift */,
				CAE6055929F6CA4700FE65E6 /* OnboardingViewController.swift */,
				CAE6055A29F6CA4700FE65E6 /* OnboardingBuilder.swift */,
				CAE6055B29F6CA4700FE65E6 /* OnboardingView.swift */,
				CAE6055C29F6CA4700FE65E6 /* OnboardingModel.swift */,
			);
			path = Onboarding;
			sourceTree = "<group>";
		};
		CA4DD9E129F6727100E19431 /* ViewController */ = {
			isa = PBXGroup;
			children = (
				CA4DD9E229F6728200E19431 /* BaseViewController.swift */,
			);
			path = ViewController;
			sourceTree = "<group>";
		};
		CA50191A29F792C5006039C4 /* Splash */ = {
			isa = PBXGroup;
			children = (
				CA50192C29F79E07006039C4 /* Components */,
				CA50191B29F79312006039C4 /* SplashPresenter.swift */,
				CA50191C29F79312006039C4 /* SplashRouter.swift */,
				CA50191D29F79312006039C4 /* SplashViewController.swift */,
				CA50191E29F79312006039C4 /* SplashBuilder.swift */,
				CA50191F29F79312006039C4 /* SplashView.swift */,
			);
			path = Splash;
			sourceTree = "<group>";
		};
		CA50192929F7934B006039C4 /* Constants */ = {
			isa = PBXGroup;
			children = (
				CA50193429F82EE5006039C4 /* Fonts */,
				CA50194629F83788006039C4 /* AppStrings.swift */,
				CA50192A29F7935B006039C4 /* AppImages.swift */,
				CA50192F29F7A128006039C4 /* AppColor.swift */,
				CA50193929F82FA2006039C4 /* AppFonts.swift */,
				CA2C5DEC2A0BF81E0037D60E /* Constants.swift */,
			);
			path = Constants;
			sourceTree = "<group>";
		};
		CA50192C29F79E07006039C4 /* Components */ = {
			isa = PBXGroup;
			children = (
				CA50192D29F79E22006039C4 /* BubleLoader.swift */,
			);
			path = Components;
			sourceTree = "<group>";
		};
		CA50193129F7A231006039C4 /* Welcome */ = {
			isa = PBXGroup;
			children = (
				CA50193229F7A246006039C4 /* WelcomeViewController.swift */,
				CA50195E29F91C09006039C4 /* WelcomeRouter.swift */,
			);
			path = Welcome;
			sourceTree = "<group>";
		};
		CA50193429F82EE5006039C4 /* Fonts */ = {
			isa = PBXGroup;
			children = (
				CA50193C29F831B0006039C4 /* Inter-Bold.ttf */,
				CA50193D29F831B0006039C4 /* Inter-Regular.ttf */,
				CA50194229F83504006039C4 /* WorkSans-Bold.ttf */,
				CA50194329F83525006039C4 /* WorkSans-Regular.ttf */,
				CA50193B29F831B0006039C4 /* Inter-SemiBold.ttf */,
			);
			path = Fonts;
			sourceTree = "<group>";
		};
		CA50194829F84465006039C4 /* Extensions */ = {
			isa = PBXGroup;
			children = (
				CA50194A29F84478006039C4 /* Common */,
				CA50194929F8446D006039C4 /* UIKit */,
			);
			path = Extensions;
			sourceTree = "<group>";
		};
		CA50194929F8446D006039C4 /* UIKit */ = {
			isa = PBXGroup;
			children = (
				CA50194B29F84499006039C4 /* UILabel + Extensions.swift */,
				CA50194D29F85896006039C4 /* UICollectionVIew + Extension.swift */,
				CA550DF729F980B200780317 /* UIView + Extension.swift */,
				CAC4BF2B2A026F3D00331B80 /* UILabel + Extension.swift */,
				CAC4BF522A0563F900331B80 /* UITextFiled + Extension.swift */,
			);
			path = UIKit;
			sourceTree = "<group>";
		};
		CA50194A29F84478006039C4 /* Common */ = {
			isa = PBXGroup;
			children = (
				CA550DF529F9809100780317 /* CGFloat.swift */,
				CA550E0729F985AD00780317 /* Array + Extension.swift */,
				CA550E0929F985CD00780317 /* Int + Extension.swift */,
			);
			path = Common;
			sourceTree = "<group>";
		};
		CA50194F29F8593A006039C4 /* Components */ = {
			isa = PBXGroup;
			children = (
				CA50196329F970D5006039C4 /* Navigation */,
				CA50196029F970BC006039C4 /* Cell */,
			);
			path = Components;
			sourceTree = "<group>";
		};
		CA50196029F970BC006039C4 /* Cell */ = {
			isa = PBXGroup;
			children = (
				CA50196129F970C3006039C4 /* OnboardingCell.swift */,
			);
			path = Cell;
			sourceTree = "<group>";
		};
		CA50196329F970D5006039C4 /* Navigation */ = {
			isa = PBXGroup;
			children = (
				CA50196429F970E2006039C4 /* OnboardingNavigationView.swift */,
			);
			path = Navigation;
			sourceTree = "<group>";
		};
		CA550DF129F9787500780317 /* UIElements */ = {
			isa = PBXGroup;
			children = (
				CA2C5DFB2A0D78B70037D60E /* OTPTextField */,
				CAC4BF2E2A02711A00331B80 /* TwoLabelStackVIew */,
				CAC4BF282A005F5100331B80 /* TapableLabel */,
				CA13C34229FE97D100EA85D8 /* RoleButton */,
				CA550DF229F9788200780317 /* PurpleButton.swift */,
				CA550E0B29F98A5500780317 /* OnboadringPageControll.swift */,
				CA13C34529FE98C200EA85D8 /* TextField.swift */,
				CAC4BF542A0567E900331B80 /* Stepper.swift */,
			);
			path = UIElements;
			sourceTree = "<group>";
		};
		CA550DF429F9807C00780317 /* Adaptive */ = {
			isa = PBXGroup;
			children = (
				CA550E0529F9856400780317 /* Dimension.swift */,
				CA550E0129F984E200780317 /* Device.swift */,
				CA550DF929F980D100780317 /* Helper.swift */,
			);
			path = Adaptive;
			sourceTree = "<group>";
		};
		CAC4BF282A005F5100331B80 /* TapableLabel */ = {
			isa = PBXGroup;
			children = (
				CAC4BF292A005F5C00331B80 /* TapableLabel.swift */,
			);
			path = TapableLabel;
			sourceTree = "<group>";
		};
		CAC4BF2E2A02711A00331B80 /* TwoLabelStackVIew */ = {
			isa = PBXGroup;
			children = (
				CAC4BF2F2A02712500331B80 /* TwoLabelStackVIew.swift */,
			);
			path = TwoLabelStackVIew;
			sourceTree = "<group>";
		};
		CAC4BF312A02B1F700331B80 /* SignUp */ = {
			isa = PBXGroup;
			children = (
				CAC4BF3E2A02C0E200331B80 /* Components */,
				CAC4BF322A02B22D00331B80 /* SignUpPresenter.swift */,
				CAC4BF332A02B22D00331B80 /* SignUpRouter.swift */,
				CAC4BF342A02B22D00331B80 /* SignUpViewController.swift */,
				CAC4BF352A02B22D00331B80 /* SignUpBuilder.swift */,
				CAC4BF362A02B22D00331B80 /* SignUpView.swift */,
				CAC4BF372A02B22D00331B80 /* SignUpModel.swift */,
			);
			path = SignUp;
			sourceTree = "<group>";
		};
		CAC4BF3E2A02C0E200331B80 /* Components */ = {
			isa = PBXGroup;
			children = (
				CAC4BF3F2A02C10600331B80 /* PrivacyStackView.swift */,
			);
			path = Components;
			sourceTree = "<group>";
		};
		CAC4BF452A05569C00331B80 /* SelectLocation */ = {
			isa = PBXGroup;
			children = (
				CAC4BF462A0556BA00331B80 /* SelectLocationPresenter.swift */,
				CAC4BF472A0556BA00331B80 /* SelectLocationRouter.swift */,
				CAC4BF482A0556BA00331B80 /* SelectLocationViewController.swift */,
				CAC4BF492A0556BA00331B80 /* SelectLocationBuilder.swift */,
				CAC4BF4A2A0556BA00331B80 /* SelectLocationView.swift */,
				CAC4BF4B2A0556BA00331B80 /* SelectLocationModel.swift */,
			);
			path = SelectLocation;
			sourceTree = "<group>";
		};
/* End PBXGroup section */

/* Begin PBXNativeTarget section */
		0C30816229F5C33400C73271 /* Mum’s the word */ = {
			isa = PBXNativeTarget;
			buildConfigurationList = 0C30818D29F5C33700C73271 /* Build configuration list for PBXNativeTarget "Mum’s the word" */;
			buildPhases = (
				0C30815F29F5C33400C73271 /* Sources */,
				0C30816029F5C33400C73271 /* Frameworks */,
				0C30816129F5C33400C73271 /* Resources */,
			);
			buildRules = (
			);
			dependencies = (
			);
			name = "Mum’s the word";
			packageProductDependencies = (
				CAE6055629F6C9B000FE65E6 /* SnapKit */,
				CAE6056329F6F42E00FE65E6 /* Hero */,
			);
			productName = "Mum’s the word";
			productReference = 0C30816329F5C33400C73271 /* Mum’s the word.app */;
			productType = "com.apple.product-type.application";
		};
		0C30817829F5C33700C73271 /* Mum’s the wordTests */ = {
			isa = PBXNativeTarget;
			buildConfigurationList = 0C30819029F5C33700C73271 /* Build configuration list for PBXNativeTarget "Mum’s the wordTests" */;
			buildPhases = (
				0C30817529F5C33700C73271 /* Sources */,
				0C30817629F5C33700C73271 /* Frameworks */,
				0C30817729F5C33700C73271 /* Resources */,
			);
			buildRules = (
			);
			dependencies = (
				0C30817B29F5C33700C73271 /* PBXTargetDependency */,
			);
			name = "Mum’s the wordTests";
			productName = "Mum’s the wordTests";
			productReference = 0C30817929F5C33700C73271 /* Mum’s the wordTests.xctest */;
			productType = "com.apple.product-type.bundle.unit-test";
		};
		0C30818229F5C33700C73271 /* Mum’s the wordUITests */ = {
			isa = PBXNativeTarget;
			buildConfigurationList = 0C30819329F5C33700C73271 /* Build configuration list for PBXNativeTarget "Mum’s the wordUITests" */;
			buildPhases = (
				0C30817F29F5C33700C73271 /* Sources */,
				0C30818029F5C33700C73271 /* Frameworks */,
				0C30818129F5C33700C73271 /* Resources */,
			);
			buildRules = (
			);
			dependencies = (
				0C30818529F5C33700C73271 /* PBXTargetDependency */,
			);
			name = "Mum’s the wordUITests";
			productName = "Mum’s the wordUITests";
			productReference = 0C30818329F5C33700C73271 /* Mum’s the wordUITests.xctest */;
			productType = "com.apple.product-type.bundle.ui-testing";
		};
/* End PBXNativeTarget section */

/* Begin PBXProject section */
		0C30815B29F5C33400C73271 /* Project object */ = {
			isa = PBXProject;
			attributes = {
				BuildIndependentTargetsInParallel = 1;
				LastSwiftUpdateCheck = 1420;
				LastUpgradeCheck = 1420;
				TargetAttributes = {
					0C30816229F5C33400C73271 = {
						CreatedOnToolsVersion = 14.2;
					};
					0C30817829F5C33700C73271 = {
						CreatedOnToolsVersion = 14.2;
						TestTargetID = 0C30816229F5C33400C73271;
					};
					0C30818229F5C33700C73271 = {
						CreatedOnToolsVersion = 14.2;
						TestTargetID = 0C30816229F5C33400C73271;
					};
				};
			};
			buildConfigurationList = 0C30815E29F5C33400C73271 /* Build configuration list for PBXProject "Mum’s the word" */;
			compatibilityVersion = "Xcode 14.0";
			developmentRegion = en;
			hasScannedForEncodings = 0;
			knownRegions = (
				en,
				Base,
			);
			mainGroup = 0C30815A29F5C33400C73271;
			packageReferences = (
				CAE6055529F6C9B000FE65E6 /* XCRemoteSwiftPackageReference "SnapKit" */,
				CAE6056229F6F42E00FE65E6 /* XCRemoteSwiftPackageReference "Hero" */,
			);
			productRefGroup = 0C30816429F5C33400C73271 /* Products */;
			projectDirPath = "";
			projectRoot = "";
			targets = (
				0C30816229F5C33400C73271 /* Mum’s the word */,
				0C30817829F5C33700C73271 /* Mum’s the wordTests */,
				0C30818229F5C33700C73271 /* Mum’s the wordUITests */,
			);
		};
/* End PBXProject section */

/* Begin PBXResourcesBuildPhase section */
		0C30816129F5C33400C73271 /* Resources */ = {
			isa = PBXResourcesBuildPhase;
			buildActionMask = 2147483647;
			files = (
				CA5E391E29F78E5A0014BD4D /* Launch Screen.storyboard in Resources */,
				CA50193E29F831B2006039C4 /* Inter-Bold.ttf in Resources */,
				0C30817029F5C33700C73271 /* Assets.xcassets in Resources */,
				CA50194529F83529006039C4 /* WorkSans-Bold.ttf in Resources */,
				CA50193F29F831B6006039C4 /* Inter-Regular.ttf in Resources */,
				CA50194029F831B8006039C4 /* Inter-SemiBold.ttf in Resources */,
				CA50194429F83527006039C4 /* WorkSans-Regular.ttf in Resources */,
			);
			runOnlyForDeploymentPostprocessing = 0;
		};
		0C30817729F5C33700C73271 /* Resources */ = {
			isa = PBXResourcesBuildPhase;
			buildActionMask = 2147483647;
			files = (
			);
			runOnlyForDeploymentPostprocessing = 0;
		};
		0C30818129F5C33700C73271 /* Resources */ = {
			isa = PBXResourcesBuildPhase;
			buildActionMask = 2147483647;
			files = (
			);
			runOnlyForDeploymentPostprocessing = 0;
		};
/* End PBXResourcesBuildPhase section */

/* Begin PBXSourcesBuildPhase section */
		0C30815F29F5C33400C73271 /* Sources */ = {
			isa = PBXSourcesBuildPhase;
			buildActionMask = 2147483647;
			files = (
				CA13C33229FAE8FD00EA85D8 /* StartScreenModel.swift in Sources */,
				CA13C32D29FAE8FD00EA85D8 /* StartScreenPresenter.swift in Sources */,
				CA50194C29F84499006039C4 /* UILabel + Extensions.swift in Sources */,
				CA13C34129FC74B000EA85D8 /* RoleButton.swift in Sources */,
				CA50192129F79312006039C4 /* SplashPresenter.swift in Sources */,
				CAC4BF3D2A02B22D00331B80 /* SignUpModel.swift in Sources */,
				CA13C33C29FC734D00EA85D8 /* RoleViewController.swift in Sources */,
				CA50193A29F82FA2006039C4 /* AppFonts.swift in Sources */,
				CA2C5DEB2A0BF64B0037D60E /* SignInViewController.swift in Sources */,
				0C30816729F5C33400C73271 /* AppDelegate.swift in Sources */,
				CA4DD9DA29F66F6200E19431 /* NavigationRouter.swift in Sources */,
				CAE6055F29F6CA4700FE65E6 /* OnboardingBuilder.swift in Sources */,
				CA2C5DF92A0D6EDB0037D60E /* SignInCodeModel.swift in Sources */,
				CA2C5DF72A0D6EDB0037D60E /* SignInCodeBuilder.swift in Sources */,
				CA50194729F83788006039C4 /* AppStrings.swift in Sources */,
				CA550DF829F980B200780317 /* UIView + Extension.swift in Sources */,
				CA13C34429FE97E200EA85D8 /* RoleButtonModel.swift in Sources */,
				CAC4BF532A0563F900331B80 /* UITextFiled + Extension.swift in Sources */,
				CA50195F29F91C09006039C4 /* WelcomeRouter.swift in Sources */,
				CA2C5DF52A0D6EDB0037D60E /* SignInCodeRouter.swift in Sources */,
				CAC4BF4D2A0556BA00331B80 /* SelectLocationRouter.swift in Sources */,
				CAC4BF502A0556BA00331B80 /* SelectLocationView.swift in Sources */,
				CA550E0A29F985CD00780317 /* Int + Extension.swift in Sources */,
				CA550DF329F9788200780317 /* PurpleButton.swift in Sources */,
				CAC4BF3C2A02B22D00331B80 /* SignUpView.swift in Sources */,
				CAC4BF3A2A02B22D00331B80 /* SignUpViewController.swift in Sources */,
				CA2C5DFD2A0D78DD0037D60E /* OPTTexrStackView.swift in Sources */,
				CAC4BF302A02712500331B80 /* TwoLabelStackVIew.swift in Sources */,
				CA50194E29F85896006039C4 /* UICollectionVIew + Extension.swift in Sources */,
				CA2C5DF62A0D6EDB0037D60E /* SignInCodeViewController.swift in Sources */,
				CAC4BF392A02B22D00331B80 /* SignUpRouter.swift in Sources */,
				CA550E0C29F98A5500780317 /* OnboadringPageControll.swift in Sources */,
				CAE6055D29F6CA4700FE65E6 /* OnboardingPresenter.swift in Sources */,
				CA13C33D29FC734D00EA85D8 /* RoleBuilder.swift in Sources */,
				CA50192429F79312006039C4 /* SplashBuilder.swift in Sources */,
				CA4DD9E029F66FC000E19431 /* OnboardingRouter.swift in Sources */,
				CAC4BF4F2A0556BA00331B80 /* SelectLocationBuilder.swift in Sources */,
				CAC4BF4E2A0556BA00331B80 /* SelectLocationViewController.swift in Sources */,
				CA2C5DE92A0BF64B0037D60E /* SignInPresenter.swift in Sources */,
				CAC4BF3B2A02B22D00331B80 /* SignUpBuilder.swift in Sources */,
				CA4DD9DB29F66F6200E19431 /* AppRouter.swift in Sources */,
				CA4DD9E329F6728200E19431 /* BaseViewController.swift in Sources */,
				CA13C33F29FC734D00EA85D8 /* RoleModel.swift in Sources */,
				CA2C5DE72A0BF64B0037D60E /* SignInRouter.swift in Sources */,
				CA2C5DED2A0BF81E0037D60E /* Constants.swift in Sources */,
				CA2C5DF42A0D6EDB0037D60E /* SignInCodePresenter.swift in Sources */,
				CAE6055E29F6CA4700FE65E6 /* OnboardingViewController.swift in Sources */,
				CA50196229F970C3006039C4 /* OnboardingCell.swift in Sources */,
				CA50192229F79312006039C4 /* SplashRouter.swift in Sources */,
				CA50196529F970E2006039C4 /* OnboardingNavigationView.swift in Sources */,
				CA13C33A29FC734D00EA85D8 /* RolePresenter.swift in Sources */,
				CAC4BF402A02C10600331B80 /* PrivacyStackView.swift in Sources */,
				CAE6056029F6CA4700FE65E6 /* OnboardingView.swift in Sources */,
				CA2C5DEA2A0BF64B0037D60E /* SignInBuilder.swift in Sources */,
				CA13C34629FE98C200EA85D8 /* TextField.swift in Sources */,
				CA550DFA29F980D100780317 /* Helper.swift in Sources */,
				CA550E0829F985AD00780317 /* Array + Extension.swift in Sources */,
				CA2C5DFF2A0D78E80037D60E /* OPTTextField.swift in Sources */,
				CA13C32E29FAE8FD00EA85D8 /* StartScreenRouter.swift in Sources */,
				CA13C33029FAE8FD00EA85D8 /* StartScreenBuilder.swift in Sources */,
				CA50193329F7A246006039C4 /* WelcomeViewController.swift in Sources */,
				CA50192E29F79E22006039C4 /* BubleLoader.swift in Sources */,
				CA4DD9DC29F66F6200E19431 /* NavigationRouterProtocol.swift in Sources */,
				CAE6056129F6CA4700FE65E6 /* OnboardingModel.swift in Sources */,
				CA13C33B29FC734D00EA85D8 /* RoleRouter.swift in Sources */,
				CA2C5DE82A0BF64B0037D60E /* SignInView.swift in Sources */,
				0C30816929F5C33400C73271 /* SceneDelegate.swift in Sources */,
				CAC4BF2C2A026F3D00331B80 /* UILabel + Extension.swift in Sources */,
				CA2C5DF82A0D6EDB0037D60E /* SignInCodeView.swift in Sources */,
				CAC4BF2A2A005F5C00331B80 /* TapableLabel.swift in Sources */,
				CA13C33E29FC734D00EA85D8 /* RoleView.swift in Sources */,
				CAC4BF552A0567E900331B80 /* Stepper.swift in Sources */,
				CAC4BF382A02B22D00331B80 /* SignUpPresenter.swift in Sources */,
				CA50193029F7A128006039C4 /* AppColor.swift in Sources */,
				CA550DF629F9809100780317 /* CGFloat.swift in Sources */,
				CA50192B29F7935B006039C4 /* AppImages.swift in Sources */,
				CA13C32F29FAE8FD00EA85D8 /* StartScreenViewController.swift in Sources */,
				CA50192329F79312006039C4 /* SplashViewController.swift in Sources */,
				CAC4BF512A0556BA00331B80 /* SelectLocationModel.swift in Sources */,
				CA550E0629F9856400780317 /* Dimension.swift in Sources */,
				CAC4BF4C2A0556BA00331B80 /* SelectLocationPresenter.swift in Sources */,
				CA13C33129FAE8FD00EA85D8 /* StartScreenView.swift in Sources */,
				CA50192529F79312006039C4 /* SplashView.swift in Sources */,
				CA550E0229F984E200780317 /* Device.swift in Sources */,
			);
			runOnlyForDeploymentPostprocessing = 0;
		};
		0C30817529F5C33700C73271 /* Sources */ = {
			isa = PBXSourcesBuildPhase;
			buildActionMask = 2147483647;
			files = (
			);
			runOnlyForDeploymentPostprocessing = 0;
		};
		0C30817F29F5C33700C73271 /* Sources */ = {
			isa = PBXSourcesBuildPhase;
			buildActionMask = 2147483647;
			files = (
			);
			runOnlyForDeploymentPostprocessing = 0;
		};
/* End PBXSourcesBuildPhase section */

/* Begin PBXTargetDependency section */
		0C30817B29F5C33700C73271 /* PBXTargetDependency */ = {
			isa = PBXTargetDependency;
			target = 0C30816229F5C33400C73271 /* Mum’s the word */;
			targetProxy = 0C30817A29F5C33700C73271 /* PBXContainerItemProxy */;
		};
		0C30818529F5C33700C73271 /* PBXTargetDependency */ = {
			isa = PBXTargetDependency;
			target = 0C30816229F5C33400C73271 /* Mum’s the word */;
			targetProxy = 0C30818429F5C33700C73271 /* PBXContainerItemProxy */;
		};
/* End PBXTargetDependency section */

/* Begin XCBuildConfiguration section */
		0C30818B29F5C33700C73271 /* Debug */ = {
			isa = XCBuildConfiguration;
			buildSettings = {
				ALWAYS_SEARCH_USER_PATHS = NO;
				CLANG_ANALYZER_NONNULL = YES;
				CLANG_ANALYZER_NUMBER_OBJECT_CONVERSION = YES_AGGRESSIVE;
				CLANG_CXX_LANGUAGE_STANDARD = "gnu++20";
				CLANG_ENABLE_MODULES = YES;
				CLANG_ENABLE_OBJC_ARC = YES;
				CLANG_ENABLE_OBJC_WEAK = YES;
				CLANG_WARN_BLOCK_CAPTURE_AUTORELEASING = YES;
				CLANG_WARN_BOOL_CONVERSION = YES;
				CLANG_WARN_COMMA = YES;
				CLANG_WARN_CONSTANT_CONVERSION = YES;
				CLANG_WARN_DEPRECATED_OBJC_IMPLEMENTATIONS = YES;
				CLANG_WARN_DIRECT_OBJC_ISA_USAGE = YES_ERROR;
				CLANG_WARN_DOCUMENTATION_COMMENTS = YES;
				CLANG_WARN_EMPTY_BODY = YES;
				CLANG_WARN_ENUM_CONVERSION = YES;
				CLANG_WARN_INFINITE_RECURSION = YES;
				CLANG_WARN_INT_CONVERSION = YES;
				CLANG_WARN_NON_LITERAL_NULL_CONVERSION = YES;
				CLANG_WARN_OBJC_IMPLICIT_RETAIN_SELF = YES;
				CLANG_WARN_OBJC_LITERAL_CONVERSION = YES;
				CLANG_WARN_OBJC_ROOT_CLASS = YES_ERROR;
				CLANG_WARN_QUOTED_INCLUDE_IN_FRAMEWORK_HEADER = YES;
				CLANG_WARN_RANGE_LOOP_ANALYSIS = YES;
				CLANG_WARN_STRICT_PROTOTYPES = YES;
				CLANG_WARN_SUSPICIOUS_MOVE = YES;
				CLANG_WARN_UNGUARDED_AVAILABILITY = YES_AGGRESSIVE;
				CLANG_WARN_UNREACHABLE_CODE = YES;
				CLANG_WARN__DUPLICATE_METHOD_MATCH = YES;
				COPY_PHASE_STRIP = NO;
				DEBUG_INFORMATION_FORMAT = dwarf;
				ENABLE_STRICT_OBJC_MSGSEND = YES;
				ENABLE_TESTABILITY = YES;
				GCC_C_LANGUAGE_STANDARD = gnu11;
				GCC_DYNAMIC_NO_PIC = NO;
				GCC_NO_COMMON_BLOCKS = YES;
				GCC_OPTIMIZATION_LEVEL = 0;
				GCC_PREPROCESSOR_DEFINITIONS = (
					"DEBUG=1",
					"$(inherited)",
				);
				GCC_WARN_64_TO_32_BIT_CONVERSION = YES;
				GCC_WARN_ABOUT_RETURN_TYPE = YES_ERROR;
				GCC_WARN_UNDECLARED_SELECTOR = YES;
				GCC_WARN_UNINITIALIZED_AUTOS = YES_AGGRESSIVE;
				GCC_WARN_UNUSED_FUNCTION = YES;
				GCC_WARN_UNUSED_VARIABLE = YES;
				IPHONEOS_DEPLOYMENT_TARGET = 16.2;
				MTL_ENABLE_DEBUG_INFO = INCLUDE_SOURCE;
				MTL_FAST_MATH = YES;
				ONLY_ACTIVE_ARCH = YES;
				SDKROOT = iphoneos;
				SWIFT_ACTIVE_COMPILATION_CONDITIONS = DEBUG;
				SWIFT_OPTIMIZATION_LEVEL = "-Onone";
			};
			name = Debug;
		};
		0C30818C29F5C33700C73271 /* Release */ = {
			isa = XCBuildConfiguration;
			buildSettings = {
				ALWAYS_SEARCH_USER_PATHS = NO;
				CLANG_ANALYZER_NONNULL = YES;
				CLANG_ANALYZER_NUMBER_OBJECT_CONVERSION = YES_AGGRESSIVE;
				CLANG_CXX_LANGUAGE_STANDARD = "gnu++20";
				CLANG_ENABLE_MODULES = YES;
				CLANG_ENABLE_OBJC_ARC = YES;
				CLANG_ENABLE_OBJC_WEAK = YES;
				CLANG_WARN_BLOCK_CAPTURE_AUTORELEASING = YES;
				CLANG_WARN_BOOL_CONVERSION = YES;
				CLANG_WARN_COMMA = YES;
				CLANG_WARN_CONSTANT_CONVERSION = YES;
				CLANG_WARN_DEPRECATED_OBJC_IMPLEMENTATIONS = YES;
				CLANG_WARN_DIRECT_OBJC_ISA_USAGE = YES_ERROR;
				CLANG_WARN_DOCUMENTATION_COMMENTS = YES;
				CLANG_WARN_EMPTY_BODY = YES;
				CLANG_WARN_ENUM_CONVERSION = YES;
				CLANG_WARN_INFINITE_RECURSION = YES;
				CLANG_WARN_INT_CONVERSION = YES;
				CLANG_WARN_NON_LITERAL_NULL_CONVERSION = YES;
				CLANG_WARN_OBJC_IMPLICIT_RETAIN_SELF = YES;
				CLANG_WARN_OBJC_LITERAL_CONVERSION = YES;
				CLANG_WARN_OBJC_ROOT_CLASS = YES_ERROR;
				CLANG_WARN_QUOTED_INCLUDE_IN_FRAMEWORK_HEADER = YES;
				CLANG_WARN_RANGE_LOOP_ANALYSIS = YES;
				CLANG_WARN_STRICT_PROTOTYPES = YES;
				CLANG_WARN_SUSPICIOUS_MOVE = YES;
				CLANG_WARN_UNGUARDED_AVAILABILITY = YES_AGGRESSIVE;
				CLANG_WARN_UNREACHABLE_CODE = YES;
				CLANG_WARN__DUPLICATE_METHOD_MATCH = YES;
				COPY_PHASE_STRIP = NO;
				DEBUG_INFORMATION_FORMAT = "dwarf-with-dsym";
				ENABLE_NS_ASSERTIONS = NO;
				ENABLE_STRICT_OBJC_MSGSEND = YES;
				GCC_C_LANGUAGE_STANDARD = gnu11;
				GCC_NO_COMMON_BLOCKS = YES;
				GCC_WARN_64_TO_32_BIT_CONVERSION = YES;
				GCC_WARN_ABOUT_RETURN_TYPE = YES_ERROR;
				GCC_WARN_UNDECLARED_SELECTOR = YES;
				GCC_WARN_UNINITIALIZED_AUTOS = YES_AGGRESSIVE;
				GCC_WARN_UNUSED_FUNCTION = YES;
				GCC_WARN_UNUSED_VARIABLE = YES;
				IPHONEOS_DEPLOYMENT_TARGET = 16.2;
				MTL_ENABLE_DEBUG_INFO = NO;
				MTL_FAST_MATH = YES;
				SDKROOT = iphoneos;
				SWIFT_COMPILATION_MODE = wholemodule;
				SWIFT_OPTIMIZATION_LEVEL = "-O";
				VALIDATE_PRODUCT = YES;
			};
			name = Release;
		};
		0C30818E29F5C33700C73271 /* Debug */ = {
			isa = XCBuildConfiguration;
			buildSettings = {
				ASSETCATALOG_COMPILER_APPICON_NAME = AppIcon;
				ASSETCATALOG_COMPILER_GLOBAL_ACCENT_COLOR_NAME = AccentColor;
				ASSETCATALOG_COMPILER_INCLUDE_ALL_APPICON_ASSETS = YES;
				CODE_SIGN_STYLE = Automatic;
				CURRENT_PROJECT_VERSION = 1;
				DEVELOPMENT_TEAM = 8ZH35KKWH9;
				GENERATE_INFOPLIST_FILE = YES;
				INFOPLIST_FILE = "Mum’s the word/Info.plist";
				INFOPLIST_KEY_UIApplicationSupportsIndirectInputEvents = YES;
				INFOPLIST_KEY_UILaunchStoryboardName = "Launch Screen.storyboard";
				INFOPLIST_KEY_UISupportedInterfaceOrientations = UIInterfaceOrientationPortrait;
				INFOPLIST_KEY_UISupportedInterfaceOrientations_iPad = "UIInterfaceOrientationLandscapeLeft UIInterfaceOrientationLandscapeRight UIInterfaceOrientationPortrait UIInterfaceOrientationPortraitUpsideDown";
				IPHONEOS_DEPLOYMENT_TARGET = 14.0;
				LD_RUNPATH_SEARCH_PATHS = (
					"$(inherited)",
					"@executable_path/Frameworks",
				);
				MARKETING_VERSION = 0.1.0;
				PRODUCT_BUNDLE_IDENTIFIER = "kkk.Mum-s-the-word";
				PRODUCT_NAME = "$(TARGET_NAME)";
				SUPPORTED_PLATFORMS = "iphoneos iphonesimulator";
				SUPPORTS_MACCATALYST = NO;
				SUPPORTS_MAC_DESIGNED_FOR_IPHONE_IPAD = NO;
				SWIFT_EMIT_LOC_STRINGS = YES;
				SWIFT_VERSION = 5.0;
				TARGETED_DEVICE_FAMILY = 1;
			};
			name = Debug;
		};
		0C30818F29F5C33700C73271 /* Release */ = {
			isa = XCBuildConfiguration;
			buildSettings = {
				ASSETCATALOG_COMPILER_APPICON_NAME = AppIcon;
				ASSETCATALOG_COMPILER_GLOBAL_ACCENT_COLOR_NAME = AccentColor;
				ASSETCATALOG_COMPILER_INCLUDE_ALL_APPICON_ASSETS = YES;
				CODE_SIGN_STYLE = Automatic;
				CURRENT_PROJECT_VERSION = 1;
				DEVELOPMENT_TEAM = 8ZH35KKWH9;
				GENERATE_INFOPLIST_FILE = YES;
				INFOPLIST_FILE = "Mum’s the word/Info.plist";
				INFOPLIST_KEY_UIApplicationSupportsIndirectInputEvents = YES;
				INFOPLIST_KEY_UILaunchStoryboardName = "Launch Screen.storyboard";
				INFOPLIST_KEY_UISupportedInterfaceOrientations = UIInterfaceOrientationPortrait;
				INFOPLIST_KEY_UISupportedInterfaceOrientations_iPad = "UIInterfaceOrientationLandscapeLeft UIInterfaceOrientationLandscapeRight UIInterfaceOrientationPortrait UIInterfaceOrientationPortraitUpsideDown";
				IPHONEOS_DEPLOYMENT_TARGET = 14.0;
				LD_RUNPATH_SEARCH_PATHS = (
					"$(inherited)",
					"@executable_path/Frameworks",
				);
				MARKETING_VERSION = 0.1.0;
				PRODUCT_BUNDLE_IDENTIFIER = "kkk.Mum-s-the-word";
				PRODUCT_NAME = "$(TARGET_NAME)";
				SUPPORTED_PLATFORMS = "iphoneos iphonesimulator";
				SUPPORTS_MACCATALYST = NO;
				SUPPORTS_MAC_DESIGNED_FOR_IPHONE_IPAD = NO;
				SWIFT_EMIT_LOC_STRINGS = YES;
				SWIFT_VERSION = 5.0;
				TARGETED_DEVICE_FAMILY = 1;
			};
			name = Release;
		};
		0C30819129F5C33700C73271 /* Debug */ = {
			isa = XCBuildConfiguration;
			buildSettings = {
				ALWAYS_EMBED_SWIFT_STANDARD_LIBRARIES = YES;
				BUNDLE_LOADER = "$(TEST_HOST)";
				CODE_SIGN_STYLE = Automatic;
				CURRENT_PROJECT_VERSION = 1;
				GENERATE_INFOPLIST_FILE = YES;
				IPHONEOS_DEPLOYMENT_TARGET = 16.2;
				MARKETING_VERSION = 1.0;
				PRODUCT_BUNDLE_IDENTIFIER = "kkk.Mum-s-the-wordTests";
				PRODUCT_NAME = "$(TARGET_NAME)";
				SWIFT_EMIT_LOC_STRINGS = NO;
				SWIFT_VERSION = 5.0;
				TARGETED_DEVICE_FAMILY = "1,2";
				TEST_HOST = "$(BUILT_PRODUCTS_DIR)/Mum’s the word.app/$(BUNDLE_EXECUTABLE_FOLDER_PATH)/Mum’s the word";
			};
			name = Debug;
		};
		0C30819229F5C33700C73271 /* Release */ = {
			isa = XCBuildConfiguration;
			buildSettings = {
				ALWAYS_EMBED_SWIFT_STANDARD_LIBRARIES = YES;
				BUNDLE_LOADER = "$(TEST_HOST)";
				CODE_SIGN_STYLE = Automatic;
				CURRENT_PROJECT_VERSION = 1;
				GENERATE_INFOPLIST_FILE = YES;
				IPHONEOS_DEPLOYMENT_TARGET = 16.2;
				MARKETING_VERSION = 1.0;
				PRODUCT_BUNDLE_IDENTIFIER = "kkk.Mum-s-the-wordTests";
				PRODUCT_NAME = "$(TARGET_NAME)";
				SWIFT_EMIT_LOC_STRINGS = NO;
				SWIFT_VERSION = 5.0;
				TARGETED_DEVICE_FAMILY = "1,2";
				TEST_HOST = "$(BUILT_PRODUCTS_DIR)/Mum’s the word.app/$(BUNDLE_EXECUTABLE_FOLDER_PATH)/Mum’s the word";
			};
			name = Release;
		};
		0C30819429F5C33700C73271 /* Debug */ = {
			isa = XCBuildConfiguration;
			buildSettings = {
				ALWAYS_EMBED_SWIFT_STANDARD_LIBRARIES = YES;
				CODE_SIGN_STYLE = Automatic;
				CURRENT_PROJECT_VERSION = 1;
				GENERATE_INFOPLIST_FILE = YES;
				MARKETING_VERSION = 1.0;
				PRODUCT_BUNDLE_IDENTIFIER = "kkk.Mum-s-the-wordUITests";
				PRODUCT_NAME = "$(TARGET_NAME)";
				SWIFT_EMIT_LOC_STRINGS = NO;
				SWIFT_VERSION = 5.0;
				TARGETED_DEVICE_FAMILY = "1,2";
				TEST_TARGET_NAME = "Mum’s the word";
			};
			name = Debug;
		};
		0C30819529F5C33700C73271 /* Release */ = {
			isa = XCBuildConfiguration;
			buildSettings = {
				ALWAYS_EMBED_SWIFT_STANDARD_LIBRARIES = YES;
				CODE_SIGN_STYLE = Automatic;
				CURRENT_PROJECT_VERSION = 1;
				GENERATE_INFOPLIST_FILE = YES;
				MARKETING_VERSION = 1.0;
				PRODUCT_BUNDLE_IDENTIFIER = "kkk.Mum-s-the-wordUITests";
				PRODUCT_NAME = "$(TARGET_NAME)";
				SWIFT_EMIT_LOC_STRINGS = NO;
				SWIFT_VERSION = 5.0;
				TARGETED_DEVICE_FAMILY = "1,2";
				TEST_TARGET_NAME = "Mum’s the word";
			};
			name = Release;
		};
/* End XCBuildConfiguration section */

/* Begin XCConfigurationList section */
		0C30815E29F5C33400C73271 /* Build configuration list for PBXProject "Mum’s the word" */ = {
			isa = XCConfigurationList;
			buildConfigurations = (
				0C30818B29F5C33700C73271 /* Debug */,
				0C30818C29F5C33700C73271 /* Release */,
			);
			defaultConfigurationIsVisible = 0;
			defaultConfigurationName = Release;
		};
		0C30818D29F5C33700C73271 /* Build configuration list for PBXNativeTarget "Mum’s the word" */ = {
			isa = XCConfigurationList;
			buildConfigurations = (
				0C30818E29F5C33700C73271 /* Debug */,
				0C30818F29F5C33700C73271 /* Release */,
			);
			defaultConfigurationIsVisible = 0;
			defaultConfigurationName = Release;
		};
		0C30819029F5C33700C73271 /* Build configuration list for PBXNativeTarget "Mum’s the wordTests" */ = {
			isa = XCConfigurationList;
			buildConfigurations = (
				0C30819129F5C33700C73271 /* Debug */,
				0C30819229F5C33700C73271 /* Release */,
			);
			defaultConfigurationIsVisible = 0;
			defaultConfigurationName = Release;
		};
		0C30819329F5C33700C73271 /* Build configuration list for PBXNativeTarget "Mum’s the wordUITests" */ = {
			isa = XCConfigurationList;
			buildConfigurations = (
				0C30819429F5C33700C73271 /* Debug */,
				0C30819529F5C33700C73271 /* Release */,
			);
			defaultConfigurationIsVisible = 0;
			defaultConfigurationName = Release;
		};
/* End XCConfigurationList section */

/* Begin XCRemoteSwiftPackageReference section */
		CAE6055529F6C9B000FE65E6 /* XCRemoteSwiftPackageReference "SnapKit" */ = {
			isa = XCRemoteSwiftPackageReference;
			repositoryURL = "https://github.com/SnapKit/SnapKit.git";
			requirement = {
				kind = upToNextMajorVersion;
				minimumVersion = 5.0.0;
			};
		};
		CAE6056229F6F42E00FE65E6 /* XCRemoteSwiftPackageReference "Hero" */ = {
			isa = XCRemoteSwiftPackageReference;
			repositoryURL = "https://github.com/HeroTransitions/Hero.git";
			requirement = {
				kind = upToNextMajorVersion;
				minimumVersion = 1.0.0;
			};
		};
/* End XCRemoteSwiftPackageReference section */

/* Begin XCSwiftPackageProductDependency section */
		CAE6055629F6C9B000FE65E6 /* SnapKit */ = {
			isa = XCSwiftPackageProductDependency;
			package = CAE6055529F6C9B000FE65E6 /* XCRemoteSwiftPackageReference "SnapKit" */;
			productName = SnapKit;
		};
		CAE6056329F6F42E00FE65E6 /* Hero */ = {
			isa = XCSwiftPackageProductDependency;
			package = CAE6056229F6F42E00FE65E6 /* XCRemoteSwiftPackageReference "Hero" */;
			productName = Hero;
		};
/* End XCSwiftPackageProductDependency section */
	};
	rootObject = 0C30815B29F5C33400C73271 /* Project object */;
}
